
Microsoft Visual Studio Solution File, Format Version 12.00
# Visual Studio Version 17
VisualStudioVersion = 17.4.33122.133
MinimumVisualStudioVersion = 10.0.40219.1
Project("{FAE04EC0-301F-11D3-BF4B-00C04F79EFBC}") = "8.11", "8.11\8.11.csproj", "{651E4E5E-CAE4-405A-8711-C98B98A8E11A}"
EndProject
Global
	GlobalSection(SolutionConfigurationPlatforms) = preSolution
		Debug|Any CPU = Debug|Any CPU
		Release|Any CPU = Release|Any CPU
	EndGlobalSection
	GlobalSection(ProjectConfigurationPlatforms) = postSolution
		{651E4E5E-CAE4-405A-8711-C98B98A8E11A}.Debug|Any CPU.ActiveCfg = Debug|Any CPU
		{651E4E5E-CAE4-405A-8711-C98B98A8E11A}.Debug|Any CPU.Build.0 = Debug|Any CPU
		{651E4E5E-CAE4-405A-8711-C98B98A8E11A}.Release|Any CPU.ActiveCfg = Release|Any CPU
		{651E4E5E-CAE4-405A-8711-C98B98A8E11A}.Release|Any CPU.Build.0 = Release|Any CPU
	EndGlobalSection
	GlobalSection(SolutionProperties) = preSolution
		HideSolutionNode = FALSE
	EndGlobalSection
	GlobalSection(ExtensibilityGlobals) = postSolution
		SolutionGuid = {1561D268-E2E3-4E34-ACC2-22A00726CFCB}
	EndGlobalSection
EndGlobal
